
Microsoft Visual Studio Solution File, Format Version 12.00
# Visual Studio 2013
VisualStudioVersion = 12.0.40629.0
MinimumVisualStudioVersion = 10.0.40219.1
Project("{FAE04EC0-301F-11D3-BF4B-00C04F79EFBC}") = "BlinkingSpiderLed", "BlinkingSpiderLed\BlinkingSpiderLed.csproj", "{072D9A14-6840-438F-AAA9-052412A3647E}"
EndProject
Global
	GlobalSection(SolutionConfigurationPlatforms) = preSolution
		Debug|Any CPU = Debug|Any CPU
		Release|Any CPU = Release|Any CPU
	EndGlobalSection
	GlobalSection(ProjectConfigurationPlatforms) = postSolution
		{072D9A14-6840-438F-AAA9-052412A3647E}.Debug|Any CPU.ActiveCfg = Debug|Any CPU
		{072D9A14-6840-438F-AAA9-052412A3647E}.Debug|Any CPU.Build.0 = Debug|Any CPU
		{072D9A14-6840-438F-AAA9-052412A3647E}.Debug|Any CPU.Deploy.0 = Debug|Any CPU
		{072D9A14-6840-438F-AAA9-052412A3647E}.Release|Any CPU.ActiveCfg = Release|Any CPU
		{072D9A14-6840-438F-AAA9-052412A3647E}.Release|Any CPU.Build.0 = Release|Any CPU
		{072D9A14-6840-438F-AAA9-052412A3647E}.Release|Any CPU.Deploy.0 = Release|Any CPU
	EndGlobalSection
	GlobalSection(SolutionProperties) = preSolution
		HideSolutionNode = FALSE
	EndGlobalSection
EndGlobal
